Microsoft Visual Studio Solution File, Format Version 12.00
# Visual Studio Version 17
VisualStudioVersion = 17.5.2.0
MinimumVisualStudioVersion = 10.0.40219.1
Project("{FAE04EC0-301F-11D3-BF4B-00C04F79EFBC}") = "biblioteca-leia-mais", "biblioteca-leia-mais\biblioteca-leia-mais.csproj", "{6A2ABD0B-C633-6472-A3E6-7F50AC66325D}"
EndProject
Global
	GlobalSection(SolutionConfigurationPlatforms) = preSolution
		Debug|Any CPU = Debug|Any CPU
		Release|Any CPU = Release|Any CPU
	EndGlobalSection
	GlobalSection(ProjectConfigurationPlatforms) = postSolution
		{6A2ABD0B-C633-6472-A3E6-7F50AC66325D}.Debug|Any CPU.ActiveCfg = Debug|Any CPU
		{6A2ABD0B-C633-6472-A3E6-7F50AC66325D}.Debug|Any CPU.Build.0 = Debug|Any CPU
		{6A2ABD0B-C633-6472-A3E6-7F50AC66325D}.Release|Any CPU.ActiveCfg = Release|Any CPU
		{6A2ABD0B-C633-6472-A3E6-7F50AC66325D}.Release|Any CPU.Build.0 = Release|Any CPU
	EndGlobalSection
	GlobalSection(SolutionProperties) = preSolution
		HideSolutionNode = FALSE
	EndGlobalSection
	GlobalSection(ExtensibilityGlobals) = postSolution
		SolutionGuid = {B87CA676-8C1C-486C-ABA8-091B609E3550}
	EndGlobalSection
EndGlobal
