Microsoft Visual Studio Solution File, Format Version 12.00
# Visual Studio Version 17
VisualStudioVersion = 17.5.2.0
MinimumVisualStudioVersion = 10.0.40219.1
Project("{FAE04EC0-301F-11D3-BF4B-00C04F79EFBC}") = "AeroportoCeuAzul", "AeroportoCeuAzul\AeroportoCeuAzul.csproj", "{7AAA710A-B34B-9A9E-83FB-5F69D308487D}"
EndProject
Global
	GlobalSection(SolutionConfigurationPlatforms) = preSolution
		Debug|Any CPU = Debug|Any CPU
		Release|Any CPU = Release|Any CPU
	EndGlobalSection
	GlobalSection(ProjectConfigurationPlatforms) = postSolution
		{7AAA710A-B34B-9A9E-83FB-5F69D308487D}.Debug|Any CPU.ActiveCfg = Debug|Any CPU
		{7AAA710A-B34B-9A9E-83FB-5F69D308487D}.Debug|Any CPU.Build.0 = Debug|Any CPU
		{7AAA710A-B34B-9A9E-83FB-5F69D308487D}.Release|Any CPU.ActiveCfg = Release|Any CPU
		{7AAA710A-B34B-9A9E-83FB-5F69D308487D}.Release|Any CPU.Build.0 = Release|Any CPU
	EndGlobalSection
	GlobalSection(SolutionProperties) = preSolution
		HideSolutionNode = FALSE
	EndGlobalSection
	GlobalSection(ExtensibilityGlobals) = postSolution
		SolutionGuid = {9F4711D5-4779-44BA-8F69-67C8FD47FC4A}
	EndGlobalSection
EndGlobal
