Microsoft Visual Studio Solution File, Format Version 12.00
# Visual Studio Version 17
VisualStudioVersion = 17.5.2.0
MinimumVisualStudioVersion = 10.0.40219.1
Project("{FAE04EC0-301F-11D3-BF4B-00C04F79EFBC}") = "AeroportoCeuAzul", "AeroportoCeuAzul.csproj", "{3A800680-C4A3-47F4-4D89-20A3DCF770AF}"
EndProject
Global
	GlobalSection(SolutionConfigurationPlatforms) = preSolution
		Debug|Any CPU = Debug|Any CPU
		Release|Any CPU = Release|Any CPU
	EndGlobalSection
	GlobalSection(ProjectConfigurationPlatforms) = postSolution
		{3A800680-C4A3-47F4-4D89-20A3DCF770AF}.Debug|Any CPU.ActiveCfg = Debug|Any CPU
		{3A800680-C4A3-47F4-4D89-20A3DCF770AF}.Debug|Any CPU.Build.0 = Debug|Any CPU
		{3A800680-C4A3-47F4-4D89-20A3DCF770AF}.Release|Any CPU.ActiveCfg = Release|Any CPU
		{3A800680-C4A3-47F4-4D89-20A3DCF770AF}.Release|Any CPU.Build.0 = Release|Any CPU
	EndGlobalSection
	GlobalSection(SolutionProperties) = preSolution
		HideSolutionNode = FALSE
	EndGlobalSection
	GlobalSection(ExtensibilityGlobals) = postSolution
		SolutionGuid = {80E9B126-E264-49B7-BBA7-5CB43B8C6543}
	EndGlobalSection
EndGlobal
